
Microsoft Visual Studio Solution File, Format Version 12.00
# Visual Studio Version 17
VisualStudioVersion = 17.14.36414.22 d17.14
MinimumVisualStudioVersion = 10.0.40219.1
Project("{FAE04EC0-301F-11D3-BF4B-00C04F79EFBC}") = "SemanticKernelInstallation", "SemanticKernelInstallation\SemanticKernelInstallation.csproj", "{867535E5-C2C3-423F-AE5D-FF2927CA1736}"
EndProject
Global
	GlobalSection(SolutionConfigurationPlatforms) = preSolution
		Debug|Any CPU = Debug|Any CPU
		Release|Any CPU = Release|Any CPU
	EndGlobalSection
	GlobalSection(ProjectConfigurationPlatforms) = postSolution
		{867535E5-C2C3-423F-AE5D-FF2927CA1736}.Debug|Any CPU.ActiveCfg = Debug|Any CPU
		{867535E5-C2C3-423F-AE5D-FF2927CA1736}.Debug|Any CPU.Build.0 = Debug|Any CPU
		{867535E5-C2C3-423F-AE5D-FF2927CA1736}.Release|Any CPU.ActiveCfg = Release|Any CPU
		{867535E5-C2C3-423F-AE5D-FF2927CA1736}.Release|Any CPU.Build.0 = Release|Any CPU
	EndGlobalSection
	GlobalSection(SolutionProperties) = preSolution
		HideSolutionNode = FALSE
	EndGlobalSection
	GlobalSection(ExtensibilityGlobals) = postSolution
		SolutionGuid = {EDF5A5F0-26B4-453D-A630-0097F78B1F04}
	EndGlobalSection
EndGlobal
